// !$*UTF8*$!
{
	archiveVersion = 1;
	classes = {
	};
	objectVersion = 46;
	objects = {

/* Begin PBXBuildFile section */
		4D80679D1ED8779700AEDF50 /* AppDelegate.swift in Sources */ = {isa = PBXBuildFile; fileRef = 4D80679C1ED8779700AEDF50 /* AppDelegate.swift */; };
		4D80679F1ED8779700AEDF50 /* ViewController.swift in Sources */ = {isa = PBXBuildFile; fileRef = 4D80679E1ED8779700AEDF50 /* ViewController.swift */; };
		4D8067A21ED8779700AEDF50 /* Main.storyboard in Resources */ = {isa = PBXBuildFile; fileRef = 4D8067A01ED8779700AEDF50 /* Main.storyboard */; };
		4D8067A41ED8779700AEDF50 /* Assets.xcassets in Resources */ = {isa = PBXBuildFile; fileRef = 4D8067A31ED8779700AEDF50 /* Assets.xcassets */; };
		4D8067A71ED8779700AEDF50 /* LaunchScreen.storyboard in Resources */ = {isa = PBXBuildFile; fileRef = 4D8067A51ED8779700AEDF50 /* LaunchScreen.storyboard */; };
		4D8067B21ED8779700AEDF50 /* test2DTests.swift in Sources */ = {isa = PBXBuildFile; fileRef = 4D8067B11ED8779700AEDF50 /* test2DTests.swift */; };
		4D8067BD1ED8779700AEDF50 /* test2DUITests.swift in Sources */ = {isa = PBXBuildFile; fileRef = 4D8067BC1ED8779700AEDF50 /* test2DUITests.swift */; };
/* End PBXBuildFile section */

/* Begin PBXContainerItemProxy section */
		4D8067AE1ED8779700AEDF50 /* PBXContainerItemProxy */ = {
			isa = PBXContainerItemProxy;
			containerPortal = 4D8067911ED8779700AEDF50 /* Project object */;
			proxyType = 1;
			remoteGlobalIDString = 4D8067981ED8779700AEDF50;
			remoteInfo = test2D;
		};
		4D8067B91ED8779700AEDF50 /* PBXContainerItemProxy */ = {
			isa = PBXContainerItemProxy;
			containerPortal = 4D8067911ED8779700AEDF50 /* Project object */;
			proxyType = 1;
			remoteGlobalIDString = 4D8067981ED8779700AEDF50;
			remoteInfo = test2D;
		};
/* End PBXContainerItemProxy section */

/* Begin PBXFileReference section */
		4D8067991ED8779700AEDF50 /* test2D.app */ = {isa = PBXFileReference; explicitFileType = wrapper.application; includeInIndex = 0; path = test2D.app; sourceTree = BUILT_PRODUCTS_DIR; };
		4D80679C1ED8779700AEDF50 /* AppDelegate.swift */ = {isa = PBXFileReference; lastKnownFileType = sourcecode.swift; path = AppDelegate.swift; sourceTree = "<group>"; };
		4D80679E1ED8779700AEDF50 /* ViewController.swift */ = {isa = PBXFileReference; lastKnownFileType = sourcecode.swift; path = ViewController.swift; sourceTree = "<group>"; };
		4D8067A11ED8779700AEDF50 /* Base */ = {isa = PBXFileReference; lastKnownFileType = file.storyboard; name = Base; path = Base.lproj/Main.storyboard; sourceTree = "<group>"; };
		4D8067A31ED8779700AEDF50 /* Assets.xcassets */ = {isa = PBXFileReference; lastKnownFileType = folder.assetcatalog; path = Assets.xcassets; sourceTree = "<group>"; };
		4D8067A61ED8779700AEDF50 /* Base */ = {isa = PBXFileReference; lastKnownFileType = file.storyboard; name = Base; path = Base.lproj/LaunchScreen.storyboard; sourceTree = "<group>"; };
		4D8067A81ED8779700AEDF50 /* Info.plist */ = {isa = PBXFileReference; lastKnownFileType = text.plist.xml; path = Info.plist; sourceTree = "<group>"; };
		4D8067AD1ED8779700AEDF50 /* test2DTests.xctest */ = {isa = PBXFileReference; explicitFileType = wrapper.cfbundle; includeInIndex = 0; path = test2DTests.xctest; sourceTree = BUILT_PRODUCTS_DIR; };
		4D8067B11ED8779700AEDF50 /* test2DTests.swift */ = {isa = PBXFileReference; lastKnownFileType = sourcecode.swift; path = test2DTests.swift; sourceTree = "<group>"; };
		4D8067B31ED8779700AEDF50 /* Info.plist */ = {isa = PBXFileReference; lastKnownFileType = text.plist.xml; path = Info.plist; sourceTree = "<group>"; };
		4D8067B81ED8779700AEDF50 /* test2DUITests.xctest */ = {isa = PBXFileReference; explicitFileType = wrapper.cfbundle; includeInIndex = 0; path = test2DUITests.xctest; sourceTree = BUILT_PRODUCTS_DIR; };
		4D8067BC1ED8779700AEDF50 /* test2DUITests.swift */ = {isa = PBXFileReference; lastKnownFileType = sourcecode.swift; path = test2DUITests.swift; sourceTree = "<group>"; };
		4D8067BE1ED8779700AEDF50 /* Info.plist */ = {isa = PBXFileReference; lastKnownFileType = text.plist.xml; path = Info.plist; sourceTree = "<group>"; };
/* End PBXFileReference section */

/* Begin PBXFrameworksBuildPhase section */
		4D8067961ED8779700AEDF50 /* Frameworks */ = {
			isa = PBXFrameworksBuildPhase;
			buildActionMask = 2147483647;
			files = (
			);
			runOnlyForDeploymentPostprocessing = 0;
		};
		4D8067AA1ED8779700AEDF50 /* Frameworks */ = {
			isa = PBXFrameworksBuildPhase;
			buildActionMask = 2147483647;
			files = (
			);
			runOnlyForDeploymentPostprocessing = 0;
		};
		4D8067B51ED8779700AEDF50 /* Frameworks */ = {
			isa = PBXFrameworksBuildPhase;
			buildActionMask = 2147483647;
			files = (
			);
			runOnlyForDeploymentPostprocessing = 0;
		};
/* End PBXFrameworksBuildPhase section */

/* Begin PBXGroup section */
		4D8067901ED8779700AEDF50 = {
			isa = PBXGroup;
			children = (
				4D80679B1ED8779700AEDF50 /* test2D */,
				4D8067B01ED8779700AEDF50 /* test2DTests */,
				4D8067BB1ED8779700AEDF50 /* test2DUITests */,
				4D80679A1ED8779700AEDF50 /* Products */,
			);
			sourceTree = "<group>";
		};
		4D80679A1ED8779700AEDF50 /* Products */ = {
			isa = PBXGroup;
			children = (
				4D8067991ED8779700AEDF50 /* test2D.app */,
				4D8067AD1ED8779700AEDF50 /* test2DTests.xctest */,
				4D8067B81ED8779700AEDF50 /* test2DUITests.xctest */,
			);
			name = Products;
			sourceTree = "<group>";
		};
		4D80679B1ED8779700AEDF50 /* test2D */ = {
			isa = PBXGroup;
			children = (
				4D80679C1ED8779700AEDF50 /* AppDelegate.swift */,
				4D80679E1ED8779700AEDF50 /* ViewController.swift */,
				4D8067A01ED8779700AEDF50 /* Main.storyboard */,
				4D8067A31ED8779700AEDF50 /* Assets.xcassets */,
				4D8067A51ED8779700AEDF50 /* LaunchScreen.storyboard */,
				4D8067A81ED8779700AEDF50 /* Info.plist */,
			);
			path = test2D;
			sourceTree = "<group>";
		};
		4D8067B01ED8779700AEDF50 /* test2DTests */ = {
			isa = PBXGroup;
			children = (
				4D8067B11ED8779700AEDF50 /* test2DTests.swift */,
				4D8067B31ED8779700AEDF50 /* Info.plist */,
			);
			path = test2DTests;
			sourceTree = "<group>";
		};
		4D8067BB1ED8779700AEDF50 /* test2DUITests */ = {
			isa = PBXGroup;
			children = (
				4D8067BC1ED8779700AEDF50 /* test2DUITests.swift */,
				4D8067BE1ED8779700AEDF50 /* Info.plist */,
			);
			path = test2DUITests;
			sourceTree = "<group>";
		};
/* End PBXGroup section */

/* Begin PBXNativeTarget section */
		4D8067981ED8779700AEDF50 /* test2D */ = {
			isa = PBXNativeTarget;
			buildConfigurationList = 4D8067C11ED8779700AEDF50 /* Build configuration list for PBXNativeTarget "test2D" */;
			buildPhases = (
				4D8067951ED8779700AEDF50 /* Sources */,
				4D8067961ED8779700AEDF50 /* Frameworks */,
				4D8067971ED8779700AEDF50 /* Resources */,
			);
			buildRules = (
			);
			dependencies = (
			);
			name = test2D;
			productName = test2D;
			productReference = 4D8067991ED8779700AEDF50 /* test2D.app */;
			productType = "com.apple.product-type.application";
		};
		4D8067AC1ED8779700AEDF50 /* test2DTests */ = {
			isa = PBXNativeTarget;
			buildConfigurationList = 4D8067C41ED8779700AEDF50 /* Build configuration list for PBXNativeTarget "test2DTests" */;
			buildPhases = (
				4D8067A91ED8779700AEDF50 /* Sources */,
				4D8067AA1ED8779700AEDF50 /* Frameworks */,
				4D8067AB1ED8779700AEDF50 /* Resources */,
			);
			buildRules = (
			);
			dependencies = (
				4D8067AF1ED8779700AEDF50 /* PBXTargetDependency */,
			);
			name = test2DTests;
			productName = test2DTests;
			productReference = 4D8067AD1ED8779700AEDF50 /* test2DTests.xctest */;
			productType = "com.apple.product-type.bundle.unit-test";
		};
		4D8067B71ED8779700AEDF50 /* test2DUITests */ = {
			isa = PBXNativeTarget;
			buildConfigurationList = 4D8067C71ED8779700AEDF50 /* Build configuration list for PBXNativeTarget "test2DUITests" */;
			buildPhases = (
				4D8067B41ED8779700AEDF50 /* Sources */,
				4D8067B51ED8779700AEDF50 /* Frameworks */,
				4D8067B61ED8779700AEDF50 /* Resources */,
			);
			buildRules = (
			);
			dependencies = (
				4D8067BA1ED8779700AEDF50 /* PBXTargetDependency */,
			);
			name = test2DUITests;
			productName = test2DUITests;
			productReference = 4D8067B81ED8779700AEDF50 /* test2DUITests.xctest */;
			productType = "com.apple.product-type.bundle.ui-testing";
		};
/* End PBXNativeTarget section */

/* Begin PBXProject section */
		4D8067911ED8779700AEDF50 /* Project object */ = {
			isa = PBXProject;
			attributes = {
				LastSwiftUpdateCheck = 0820;
				LastUpgradeCheck = 0820;
				ORGANIZATIONNAME = Ospite;
				TargetAttributes = {
					4D8067981ED8779700AEDF50 = {
						CreatedOnToolsVersion = 8.2;
						ProvisioningStyle = Automatic;
					};
					4D8067AC1ED8779700AEDF50 = {
						CreatedOnToolsVersion = 8.2;
						ProvisioningStyle = Automatic;
						TestTargetID = 4D8067981ED8779700AEDF50;
					};
					4D8067B71ED8779700AEDF50 = {
						CreatedOnToolsVersion = 8.2;
						ProvisioningStyle = Automatic;
						TestTargetID = 4D8067981ED8779700AEDF50;
					};
				};
			};
			buildConfigurationList = 4D8067941ED8779700AEDF50 /* Build configuration list for PBXProject "test2D" */;
			compatibilityVersion = "Xcode 3.2";
			developmentRegion = English;
			hasScannedForEncodings = 0;
			knownRegions = (
				en,
				Base,
			);
			mainGroup = 4D8067901ED8779700AEDF50;
			productRefGroup = 4D80679A1ED8779700AEDF50 /* Products */;
			projectDirPath = "";
			projectRoot = "";
			targets = (
				4D8067981ED8779700AEDF50 /* test2D */,
				4D8067AC1ED8779700AEDF50 /* test2DTests */,
				4D8067B71ED8779700AEDF50 /* test2DUITests */,
			);
		};
/* End PBXProject section */

/* Begin PBXResourcesBuildPhase section */
		4D8067971ED8779700AEDF50 /* Resources */ = {
			isa = PBXResourcesBuildPhase;
			buildActionMask = 2147483647;
			files = (
				4D8067A71ED8779700AEDF50 /* LaunchScreen.storyboard in Resources */,
				4D8067A41ED8779700AEDF50 /* Assets.xcassets in Resources */,
				4D8067A21ED8779700AEDF50 /* Main.storyboard in Resources */,
			);
			runOnlyForDeploymentPostprocessing = 0;
		};
		4D8067AB1ED8779700AEDF50 /* Resources */ = {
			isa = PBXResourcesBuildPhase;
			buildActionMask = 2147483647;
			files = (
			);
			runOnlyForDeploymentPostprocessing = 0;
		};
		4D8067B61ED8779700AEDF50 /* Resources */ = {
			isa = PBXResourcesBuildPhase;
			buildActionMask = 2147483647;
			files = (
			);
			runOnlyForDeploymentPostprocessing = 0;
		};
/* End PBXResourcesBuildPhase section */

/* Begin PBXSourcesBuildPhase section */
		4D8067951ED8779700AEDF50 /* Sources */ = {
			isa = PBXSourcesBuildPhase;
			buildActionMask = 2147483647;
			files = (
				4D80679F1ED8779700AEDF50 /* ViewController.swift in Sources */,
				4D80679D1ED8779700AEDF50 /* AppDelegate.swift in Sources */,
			);
			runOnlyForDeploymentPostprocessing = 0;
		};
		4D8067A91ED8779700AEDF50 /* Sources */ = {
			isa = PBXSourcesBuildPhase;
			buildActionMask = 2147483647;
			files = (
				4D8067B21ED8779700AEDF50 /* test2DTests.swift in Sources */,
			);
			runOnlyForDeploymentPostprocessing = 0;
		};
		4D8067B41ED8779700AEDF50 /* Sources */ = {
			isa = PBXSourcesBuildPhase;
			buildActionMask = 2147483647;
			files = (
				4D8067BD1ED8779700AEDF50 /* test2DUITests.swift in Sources */,
			);
			runOnlyForDeploymentPostprocessing = 0;
		};
/* End PBXSourcesBuildPhase section */

/* Begin PBXTargetDependency section */
		4D8067AF1ED8779700AEDF50 /* PBXTargetDependency */ = {
			isa = PBXTargetDependency;
			target = 4D8067981ED8779700AEDF50 /* test2D */;
			targetProxy = 4D8067AE1ED8779700AEDF50 /* PBXContainerItemProxy */;
		};
		4D8067BA1ED8779700AEDF50 /* PBXTargetDependency */ = {
			isa = PBXTargetDependency;
			target = 4D8067981ED8779700AEDF50 /* test2D */;
			targetProxy = 4D8067B91ED8779700AEDF50 /* PBXContainerItemProxy */;
		};
/* End PBXTargetDependency section */

/* Begin PBXVariantGroup section */
		4D8067A01ED8779700AEDF50 /* Main.storyboard */ = {
			isa = PBXVariantGroup;
			children = (
				4D8067A11ED8779700AEDF50 /* Base */,
			);
			name = Main.storyboard;
			sourceTree = "<group>";
		};
		4D8067A51ED8779700AEDF50 /* LaunchScreen.storyboard */ = {
			isa = PBXVariantGroup;
			children = (
				4D8067A61ED8779700AEDF50 /* Base */,
			);
			name = LaunchScreen.storyboard;
			sourceTree = "<group>";
		};
/* End PBXVariantGroup section */

/* Begin XCBuildConfiguration section */
		4D8067BF1ED8779700AEDF50 /* Debug */ = {
			isa = XCBuildConfiguration;
			buildSettings = {
				ALWAYS_SEARCH_USER_PATHS = NO;
				CLANG_ANALYZER_NONNULL = YES;
				CLANG_CXX_LANGUAGE_STANDARD = "gnu++0x";
				CLANG_CXX_LIBRARY = "libc++";
				CLANG_ENABLE_MODULES = YES;
				CLANG_ENABLE_OBJC_ARC = YES;
				CLANG_WARN_BOOL_CONVERSION = YES;
				CLANG_WARN_CONSTANT_CONVERSION = YES;
				CLANG_WARN_DIRECT_OBJC_ISA_USAGE = YES_ERROR;
				CLANG_WARN_DOCUMENTATION_COMMENTS = YES;
				CLANG_WARN_EMPTY_BODY = YES;
				CLANG_WARN_ENUM_CONVERSION = YES;
				CLANG_WARN_INFINITE_RECURSION = YES;
				CLANG_WARN_INT_CONVERSION = YES;
				CLANG_WARN_OBJC_ROOT_CLASS = YES_ERROR;
				CLANG_WARN_SUSPICIOUS_MOVE = YES;
				CLANG_WARN_UNREACHABLE_CODE = YES;
				CLANG_WARN__DUPLICATE_METHOD_MATCH = YES;
				"CODE_SIGN_IDENTITY[sdk=iphoneos*]" = "iPhone Developer";
				COPY_PHASE_STRIP = NO;
				DEBUG_INFORMATION_FORMAT = dwarf;
				ENABLE_STRICT_OBJC_MSGSEND = YES;
				ENABLE_TESTABILITY = YES;
				GCC_C_LANGUAGE_STANDARD = gnu99;
				GCC_DYNAMIC_NO_PIC = NO;
				GCC_NO_COMMON_BLOCKS = YES;
				GCC_OPTIMIZATION_LEVEL = 0;
				GCC_PREPROCESSOR_DEFINITIONS = (
					"DEBUG=1",
					"$(inherited)",
				);
				GCC_WARN_64_TO_32_BIT_CONVERSION = YES;
				GCC_WARN_ABOUT_RETURN_TYPE = YES_ERROR;
				GCC_WARN_UNDECLARED_SELECTOR = YES;
				GCC_WARN_UNINITIALIZED_AUTOS = YES_AGGRESSIVE;
				GCC_WARN_UNUSED_FUNCTION = YES;
				GCC_WARN_UNUSED_VARIABLE = YES;
				IPHONEOS_DEPLOYMENT_TARGET = 10.2;
				MTL_ENABLE_DEBUG_INFO = YES;
				ONLY_ACTIVE_ARCH = YES;
				SDKROOT = iphoneos;
				SWIFT_ACTIVE_COMPILATION_CONDITIONS = DEBUG;
				SWIFT_OPTIMIZATION_LEVEL = "-Onone";
				TARGETED_DEVICE_FAMILY = "1,2";
			};
			name = Debug;
		};
		4D8067C01ED8779700AEDF50 /* Release */ = {
			isa = XCBuildConfiguration;
			buildSettings = {
				ALWAYS_SEARCH_USER_PATHS = NO;
				CLANG_ANALYZER_NONNULL = YES;
				CLANG_CXX_LANGUAGE_STANDARD = "gnu++0x";
				CLANG_CXX_LIBRARY = "libc++";
				CLANG_ENABLE_MODULES = YES;
				CLANG_ENABLE_OBJC_ARC = YES;
				CLANG_WARN_BOOL_CONVERSION = YES;
				CLANG_WARN_CONSTANT_CONVERSION = YES;
				CLANG_WARN_DIRECT_OBJC_ISA_USAGE = YES_ERROR;
				CLANG_WARN_DOCUMENTATION_COMMENTS = YES;
				CLANG_WARN_EMPTY_BODY = YES;
				CLANG_WARN_ENUM_CONVERSION = YES;
				CLANG_WARN_INFINITE_RECURSION = YES;
				CLANG_WARN_INT_CONVERSION = YES;
				CLANG_WARN_OBJC_ROOT_CLASS = YES_ERROR;
				CLANG_WARN_SUSPICIOUS_MOVE = YES;
				CLANG_WARN_UNREACHABLE_CODE = YES;
				CLANG_WARN__DUPLICATE_METHOD_MATCH = YES;
				"CODE_SIGN_IDENTITY[sdk=iphoneos*]" = "iPhone Developer";
				COPY_PHASE_STRIP = NO;
				DEBUG_INFORMATION_FORMAT = "dwarf-with-dsym";
				ENABLE_NS_ASSERTIONS = NO;
				ENABLE_STRICT_OBJC_MSGSEND = YES;
				GCC_C_LANGUAGE_STANDARD = gnu99;
				GCC_NO_COMMON_BLOCKS = YES;
				GCC_WARN_64_TO_32_BIT_CONVERSION = YES;
				GCC_WARN_ABOUT_RETURN_TYPE = YES_ERROR;
				GCC_WARN_UNDECLARED_SELECTOR = YES;
				GCC_WARN_UNINITIALIZED_AUTOS = YES_AGGRESSIVE;
				GCC_WARN_UNUSED_FUNCTION = YES;
				GCC_WARN_UNUSED_VARIABLE = YES;
				IPHONEOS_DEPLOYMENT_TARGET = 10.2;
				MTL_ENABLE_DEBUG_INFO = NO;
				SDKROOT = iphoneos;
				SWIFT_OPTIMIZATION_LEVEL = "-Owholemodule";
				TARGETED_DEVICE_FAMILY = "1,2";
				VALIDATE_PRODUCT = YES;
			};
			name = Release;
		};
		4D8067C21ED8779700AEDF50 /* Debug */ = {
			isa = XCBuildConfiguration;
			buildSettings = {
				ASSETCATALOG_COMPILER_APPICON_NAME = AppIcon;
				INFOPLIST_FILE = test2D/Info.plist;
				LD_RUNPATH_SEARCH_PATHS = "$(inherited) @executable_path/Frameworks";
				PRODUCT_BUNDLE_IDENTIFIER = moreno.test.test2D;
				PRODUCT_NAME = "$(TARGET_NAME)";
				SWIFT_VERSION = 3.0;
			};
			name = Debug;
		};
		4D8067C31ED8779700AEDF50 /* Release */ = {
			isa = XCBuildConfiguration;
			buildSettings = {
				ASSETCATALOG_COMPILER_APPICON_NAME = AppIcon;
				INFOPLIST_FILE = test2D/Info.plist;
				LD_RUNPATH_SEARCH_PATHS = "$(inherited) @executable_path/Frameworks";
				PRODUCT_BUNDLE_IDENTIFIER = moreno.test.test2D;
				PRODUCT_NAME = "$(TARGET_NAME)";
				SWIFT_VERSION = 3.0;
			};
			name = Release;
		};
		4D8067C51ED8779700AEDF50 /* Debug */ = {
			isa = XCBuildConfiguration;
			buildSettings = {
				ALWAYS_EMBED_SWIFT_STANDARD_LIBRARIES = YES;
				BUNDLE_LOADER = "$(TEST_HOST)";
				INFOPLIST_FILE = test2DTests/Info.plist;
				LD_RUNPATH_SEARCH_PATHS = "$(inherited) @executable_path/Frameworks @loader_path/Frameworks";
				PRODUCT_BUNDLE_IDENTIFIER = moreno.test.test2DTests;
				PRODUCT_NAME = "$(TARGET_NAME)";
				SWIFT_VERSION = 3.0;
				TEST_HOST = "$(BUILT_PRODUCTS_DIR)/test2D.app/test2D";
			};
			name = Debug;
		};
		4D8067C61ED8779700AEDF50 /* Release */ = {
			isa = XCBuildConfiguration;
			buildSettings = {
				ALWAYS_EMBED_SWIFT_STANDARD_LIBRARIES = YES;
				BUNDLE_LOADER = "$(TEST_HOST)";
				INFOPLIST_FILE = test2DTests/Info.plist;
				LD_RUNPATH_SEARCH_PATHS = "$(inherited) @executable_path/Frameworks @loader_path/Frameworks";
				PRODUCT_BUNDLE_IDENTIFIER = moreno.test.test2DTests;
				PRODUCT_NAME = "$(TARGET_NAME)";
				SWIFT_VERSION = 3.0;
				TEST_HOST = "$(BUILT_PRODUCTS_DIR)/test2D.app/test2D";
			};
			name = Release;
		};
		4D8067C81ED8779700AEDF50 /* Debug */ = {
			isa = XCBuildConfiguration;
			buildSettings = {
				ALWAYS_EMBED_SWIFT_STANDARD_LIBRARIES = YES;
				INFOPLIST_FILE = test2DUITests/Info.plist;
				LD_RUNPATH_SEARCH_PATHS = "$(inherited) @executable_path/Frameworks @loader_path/Frameworks";
				PRODUCT_BUNDLE_IDENTIFIER = moreno.test.test2DUITests;
				PRODUCT_NAME = "$(TARGET_NAME)";
				SWIFT_VERSION = 3.0;
				TEST_TARGET_NAME = test2D;
			};
			name = Debug;
		};
		4D8067C91ED8779700AEDF50 /* Release */ = {
			isa = XCBuildConfiguration;
			buildSettings = {
				ALWAYS_EMBED_SWIFT_STANDARD_LIBRARIES = YES;
				INFOPLIST_FILE = test2DUITests/Info.plist;
				LD_RUNPATH_SEARCH_PATHS = "$(inherited) @executable_path/Frameworks @loader_path/Frameworks";
				PRODUCT_BUNDLE_IDENTIFIER = moreno.test.test2DUITests;
				PRODUCT_NAME = "$(TARGET_NAME)";
				SWIFT_VERSION = 3.0;
				TEST_TARGET_NAME = test2D;
			};
			name = Release;
		};
/* End XCBuildConfiguration section */

/* Begin XCConfigurationList section */
		4D8067941ED8779700AEDF50 /* Build configuration list for PBXProject "test2D" */ = {
			isa = XCConfigurationList;
			buildConfigurations = (
				4D8067BF1ED8779700AEDF50 /* Debug */,
				4D8067C01ED8779700AEDF50 /* Release */,
			);
			defaultConfigurationIsVisible = 0;
			defaultConfigurationName = Release;
		};
		4D8067C11ED8779700AEDF50 /* Build configuration list for PBXNativeTarget "test2D" */ = {
			isa = XCConfigurationList;
			buildConfigurations = (
				4D8067C21ED8779700AEDF50 /* Debug */,
				4D8067C31ED8779700AEDF50 /* Release */,
			);
			defaultConfigurationIsVisible = 0;
		};
		4D8067C41ED8779700AEDF50 /* Build configuration list for PBXNativeTarget "test2DTests" */ = {
			isa = XCConfigurationList;
			buildConfigurations = (
				4D8067C51ED8779700AEDF50 /* Debug */,
				4D8067C61ED8779700AEDF50 /* Release */,
			);
			defaultConfigurationIsVisible = 0;
		};
		4D8067C71ED8779700AEDF50 /* Build configuration list for PBXNativeTarget "test2DUITests" */ = {
			isa = XCConfigurationList;
			buildConfigurations = (
				4D8067C81ED8779700AEDF50 /* Debug */,
				4D8067C91ED8779700AEDF50 /* Release */,
			);
			defaultConfigurationIsVisible = 0;
		};
/* End XCConfigurationList section */
	};
	rootObject = 4D8067911ED8779700AEDF50 /* Project object */;
}
